
Microsoft Visual Studio Solution File, Format Version 12.00
# Visual Studio Version 16
VisualStudioVersion = 16.0.28803.202
MinimumVisualStudioVersion = 10.0.40219.1
Project("{9A19103F-16F7-4668-BE54-9A1E7A4F7556}") = "EJ.Web", "UI\EJ.Web\EJ.Web.csproj", "{5A6065BD-A416-4B23-BA06-AFBC18F3BB53}"
EndProject
Project("{9A19103F-16F7-4668-BE54-9A1E7A4F7556}") = "EJ.Entities", "DAL\EJ.Entities\EJ.Entities.csproj", "{EED2AA5B-823C-4851-88B1-DD58386AFBED}"
EndProject
Project("{9A19103F-16F7-4668-BE54-9A1E7A4F7556}") = "EJ.Models", "BLL\EJ.Models\EJ.Models.csproj", "{FB754382-0198-4226-B6E9-21D8E4512C61}"
EndProject
Project("{9A19103F-16F7-4668-BE54-9A1E7A4F7556}") = "EJ.Domain", "BLL\EJ.Domain\EJ.Domain.csproj", "{F7054D3F-37CA-4ADB-A3BA-772E6DFACA21}"
EndProject
Project("{9A19103F-16F7-4668-BE54-9A1E7A4F7556}") = "Trirand.Web.Core", "SHARED\Trirand.Web.Core\Trirand.Web.Core.csproj", "{F63BDDC1-725C-45D5-9231-00EB070E65F0}"
EndProject
Project("{9A19103F-16F7-4668-BE54-9A1E7A4F7556}") = "SHARED.Web", "SHARED\SHARED.Web\SHARED.Web.csproj", "{75413364-19D7-4160-977C-C858A0471F04}"
EndProject
Project("{9A19103F-16F7-4668-BE54-9A1E7A4F7556}") = "SHARED.Models", "SHARED\SHARED.Models\SHARED.Models.csproj", "{0BD16A23-3CF1-47FA-8699-EC26ACC24016}"
EndProject
Project("{9A19103F-16F7-4668-BE54-9A1E7A4F7556}") = "SHARED.Common", "SHARED\SHARED.Common\SHARED.Common.csproj", "{2894365A-B4A0-4B31-AD13-08BD46D1507B}"
EndProject
Project("{2150E333-8FDC-42A3-9474-1A3956D46DE8}") = "BLL", "BLL", "{DF4E7AFF-4D37-4A65-913D-7268CA3FE186}"
EndProject
Project("{2150E333-8FDC-42A3-9474-1A3956D46DE8}") = "DAL", "DAL", "{3B8EE223-A5E6-4E07-9916-4BC47F040E48}"
EndProject
Project("{2150E333-8FDC-42A3-9474-1A3956D46DE8}") = "UI", "UI", "{C9D2E6E3-E99B-4723-A47B-5357557F79EF}"
EndProject
Project("{2150E333-8FDC-42A3-9474-1A3956D46DE8}") = "SHARED", "SHARED", "{45D97D79-91A7-4CC0-A4F5-8D7A56601055}"
EndProject
Project("{2150E333-8FDC-42A3-9474-1A3956D46DE8}") = "TESTS", "TESTS", "{390B6B33-3E1A-49AF-B7E6-795A55B0116A}"
EndProject
Project("{FAE04EC0-301F-11D3-BF4B-00C04F79EFBC}") = "EJ.UnitTests", "TESTS\EJ.UnitTests\EJ.UnitTests.csproj", "{36280087-0410-4DA6-ADB9-0119C34D732C}"
EndProject
Global
	GlobalSection(SolutionConfigurationPlatforms) = preSolution
		Debug|Any CPU = Debug|Any CPU
		Release|Any CPU = Release|Any CPU
	EndGlobalSection
	GlobalSection(ProjectConfigurationPlatforms) = postSolution
		{5A6065BD-A416-4B23-BA06-AFBC18F3BB53}.Debug|Any CPU.ActiveCfg = Debug|Any CPU
		{5A6065BD-A416-4B23-BA06-AFBC18F3BB53}.Debug|Any CPU.Build.0 = Debug|Any CPU
		{5A6065BD-A416-4B23-BA06-AFBC18F3BB53}.Release|Any CPU.ActiveCfg = Release|Any CPU
		{5A6065BD-A416-4B23-BA06-AFBC18F3BB53}.Release|Any CPU.Build.0 = Release|Any CPU
		{EED2AA5B-823C-4851-88B1-DD58386AFBED}.Debug|Any CPU.ActiveCfg = Debug|Any CPU
		{EED2AA5B-823C-4851-88B1-DD58386AFBED}.Debug|Any CPU.Build.0 = Debug|Any CPU
		{EED2AA5B-823C-4851-88B1-DD58386AFBED}.Release|Any CPU.ActiveCfg = Release|Any CPU
		{EED2AA5B-823C-4851-88B1-DD58386AFBED}.Release|Any CPU.Build.0 = Release|Any CPU
		{FB754382-0198-4226-B6E9-21D8E4512C61}.Debug|Any CPU.ActiveCfg = Debug|Any CPU
		{FB754382-0198-4226-B6E9-21D8E4512C61}.Debug|Any CPU.Build.0 = Debug|Any CPU
		{FB754382-0198-4226-B6E9-21D8E4512C61}.Release|Any CPU.ActiveCfg = Release|Any CPU
		{FB754382-0198-4226-B6E9-21D8E4512C61}.Release|Any CPU.Build.0 = Release|Any CPU
		{F7054D3F-37CA-4ADB-A3BA-772E6DFACA21}.Debug|Any CPU.ActiveCfg = Debug|Any CPU
		{F7054D3F-37CA-4ADB-A3BA-772E6DFACA21}.Debug|Any CPU.Build.0 = Debug|Any CPU
		{F7054D3F-37CA-4ADB-A3BA-772E6DFACA21}.Release|Any CPU.ActiveCfg = Release|Any CPU
		{F7054D3F-37CA-4ADB-A3BA-772E6DFACA21}.Release|Any CPU.Build.0 = Release|Any CPU
		{F63BDDC1-725C-45D5-9231-00EB070E65F0}.Debug|Any CPU.ActiveCfg = Debug|Any CPU
		{F63BDDC1-725C-45D5-9231-00EB070E65F0}.Debug|Any CPU.Build.0 = Debug|Any CPU
		{F63BDDC1-725C-45D5-9231-00EB070E65F0}.Release|Any CPU.ActiveCfg = Release|Any CPU
		{F63BDDC1-725C-45D5-9231-00EB070E65F0}.Release|Any CPU.Build.0 = Release|Any CPU
		{75413364-19D7-4160-977C-C858A0471F04}.Debug|Any CPU.ActiveCfg = Debug|Any CPU
		{75413364-19D7-4160-977C-C858A0471F04}.Debug|Any CPU.Build.0 = Debug|Any CPU
		{75413364-19D7-4160-977C-C858A0471F04}.Release|Any CPU.ActiveCfg = Release|Any CPU
		{75413364-19D7-4160-977C-C858A0471F04}.Release|Any CPU.Build.0 = Release|Any CPU
		{0BD16A23-3CF1-47FA-8699-EC26ACC24016}.Debug|Any CPU.ActiveCfg = Debug|Any CPU
		{0BD16A23-3CF1-47FA-8699-EC26ACC24016}.Debug|Any CPU.Build.0 = Debug|Any CPU
		{0BD16A23-3CF1-47FA-8699-EC26ACC24016}.Release|Any CPU.ActiveCfg = Release|Any CPU
		{0BD16A23-3CF1-47FA-8699-EC26ACC24016}.Release|Any CPU.Build.0 = Release|Any CPU
		{2894365A-B4A0-4B31-AD13-08BD46D1507B}.Debug|Any CPU.ActiveCfg = Debug|Any CPU
		{2894365A-B4A0-4B31-AD13-08BD46D1507B}.Debug|Any CPU.Build.0 = Debug|Any CPU
		{2894365A-B4A0-4B31-AD13-08BD46D1507B}.Release|Any CPU.ActiveCfg = Release|Any CPU
		{2894365A-B4A0-4B31-AD13-08BD46D1507B}.Release|Any CPU.Build.0 = Release|Any CPU
		{36280087-0410-4DA6-ADB9-0119C34D732C}.Debug|Any CPU.ActiveCfg = Debug|Any CPU
		{36280087-0410-4DA6-ADB9-0119C34D732C}.Debug|Any CPU.Build.0 = Debug|Any CPU
		{36280087-0410-4DA6-ADB9-0119C34D732C}.Release|Any CPU.ActiveCfg = Release|Any CPU
		{36280087-0410-4DA6-ADB9-0119C34D732C}.Release|Any CPU.Build.0 = Release|Any CPU
	EndGlobalSection
	GlobalSection(SolutionProperties) = preSolution
		HideSolutionNode = FALSE
	EndGlobalSection
	GlobalSection(NestedProjects) = preSolution
		{5A6065BD-A416-4B23-BA06-AFBC18F3BB53} = {C9D2E6E3-E99B-4723-A47B-5357557F79EF}
		{EED2AA5B-823C-4851-88B1-DD58386AFBED} = {3B8EE223-A5E6-4E07-9916-4BC47F040E48}
		{FB754382-0198-4226-B6E9-21D8E4512C61} = {DF4E7AFF-4D37-4A65-913D-7268CA3FE186}
		{F7054D3F-37CA-4ADB-A3BA-772E6DFACA21} = {DF4E7AFF-4D37-4A65-913D-7268CA3FE186}
		{F63BDDC1-725C-45D5-9231-00EB070E65F0} = {45D97D79-91A7-4CC0-A4F5-8D7A56601055}
		{75413364-19D7-4160-977C-C858A0471F04} = {45D97D79-91A7-4CC0-A4F5-8D7A56601055}
		{0BD16A23-3CF1-47FA-8699-EC26ACC24016} = {45D97D79-91A7-4CC0-A4F5-8D7A56601055}
		{2894365A-B4A0-4B31-AD13-08BD46D1507B} = {45D97D79-91A7-4CC0-A4F5-8D7A56601055}
		{36280087-0410-4DA6-ADB9-0119C34D732C} = {390B6B33-3E1A-49AF-B7E6-795A55B0116A}
	EndGlobalSection
	GlobalSection(ExtensibilityGlobals) = postSolution
		SolutionGuid = {5B661C51-B70B-4A6E-8983-50D0CCC82C69}
	EndGlobalSection
EndGlobal
